// !$*UTF8*$!
{
	archiveVersion = 1;
	classes = {
	};
	objectVersion = 55;
	objects = {

/* Begin PBXBuildFile section */
		6E69EEE727D75D5400D9EA12 /* TheLightAppApp.swift in Sources */ = {isa = PBXBuildFile; fileRef = 6E69EEE627D75D5400D9EA12 /* TheLightAppApp.swift */; };
		6E69EEE927D75D5400D9EA12 /* ContentView.swift in Sources */ = {isa = PBXBuildFile; fileRef = 6E69EEE827D75D5400D9EA12 /* ContentView.swift */; };
		6E69EEEB27D75D5600D9EA12 /* Assets.xcassets in Resources */ = {isa = PBXBuildFile; fileRef = 6E69EEEA27D75D5600D9EA12 /* Assets.xcassets */; };
		6E69EEEE27D75D5600D9EA12 /* Preview Assets.xcassets in Resources */ = {isa = PBXBuildFile; fileRef = 6E69EEED27D75D5600D9EA12 /* Preview Assets.xcassets */; };
		6E69EEF827D75D5600D9EA12 /* TheLightAppTests.swift in Sources */ = {isa = PBXBuildFile; fileRef = 6E69EEF727D75D5600D9EA12 /* TheLightAppTests.swift */; };
		6E69EF0227D75D5600D9EA12 /* TheLightAppUITests.swift in Sources */ = {isa = PBXBuildFile; fileRef = 6E69EF0127D75D5600D9EA12 /* TheLightAppUITests.swift */; };
		6E69EF0427D75D5600D9EA12 /* TheLightAppUITestsLaunchTests.swift in Sources */ = {isa = PBXBuildFile; fileRef = 6E69EF0327D75D5600D9EA12 /* TheLightAppUITestsLaunchTests.swift */; };
/* End PBXBuildFile section */

/* Begin PBXContainerItemProxy section */
		6E69EEF427D75D5600D9EA12 /* PBXContainerItemProxy */ = {
			isa = PBXContainerItemProxy;
			containerPortal = 6E69EEDB27D75D5400D9EA12 /* Project object */;
			proxyType = 1;
			remoteGlobalIDString = 6E69EEE227D75D5400D9EA12;
			remoteInfo = TheLightApp;
		};
		6E69EEFE27D75D5600D9EA12 /* PBXContainerItemProxy */ = {
			isa = PBXContainerItemProxy;
			containerPortal = 6E69EEDB27D75D5400D9EA12 /* Project object */;
			proxyType = 1;
			remoteGlobalIDString = 6E69EEE227D75D5400D9EA12;
			remoteInfo = TheLightApp;
		};
/* End PBXContainerItemProxy section */

/* Begin PBXFileReference section */
		6E69EEE327D75D5400D9EA12 /* TheLightApp.app */ = {isa = PBXFileReference; explicitFileType = wrapper.application; includeInIndex = 0; path = TheLightApp.app; sourceTree = BUILT_PRODUCTS_DIR; };
		6E69EEE627D75D5400D9EA12 /* TheLightAppApp.swift */ = {isa = PBXFileReference; lastKnownFileType = sourcecode.swift; path = TheLightAppApp.swift; sourceTree = "<group>"; };
		6E69EEE827D75D5400D9EA12 /* ContentView.swift */ = {isa = PBXFileReference; lastKnownFileType = sourcecode.swift; path = ContentView.swift; sourceTree = "<group>"; };
		6E69EEEA27D75D5600D9EA12 /* Assets.xcassets */ = {isa = PBXFileReference; lastKnownFileType = folder.assetcatalog; path = Assets.xcassets; sourceTree = "<group>"; };
		6E69EEED27D75D5600D9EA12 /* Preview Assets.xcassets */ = {isa = PBXFileReference; lastKnownFileType = folder.assetcatalog; path = "Preview Assets.xcassets"; sourceTree = "<group>"; };
		6E69EEF327D75D5600D9EA12 /* TheLightAppTests.xctest */ = {isa = PBXFileReference; explicitFileType = wrapper.cfbundle; includeInIndex = 0; path = TheLightAppTests.xctest; sourceTree = BUILT_PRODUCTS_DIR; };
		6E69EEF727D75D5600D9EA12 /* TheLightAppTests.swift */ = {isa = PBXFileReference; lastKnownFileType = sourcecode.swift; path = TheLightAppTests.swift; sourceTree = "<group>"; };
		6E69EEFD27D75D5600D9EA12 /* TheLightAppUITests.xctest */ = {isa = PBXFileReference; explicitFileType = wrapper.cfbundle; includeInIndex = 0; path = TheLightAppUITests.xctest; sourceTree = BUILT_PRODUCTS_DIR; };
		6E69EF0127D75D5600D9EA12 /* TheLightAppUITests.swift */ = {isa = PBXFileReference; lastKnownFileType = sourcecode.swift; path = TheLightAppUITests.swift; sourceTree = "<group>"; };
		6E69EF0327D75D5600D9EA12 /* TheLightAppUITestsLaunchTests.swift */ = {isa = PBXFileReference; lastKnownFileType = sourcecode.swift; path = TheLightAppUITestsLaunchTests.swift; sourceTree = "<group>"; };
/* End PBXFileReference section */

/* Begin PBXFrameworksBuildPhase section */
		6E69EEE027D75D5400D9EA12 /* Frameworks */ = {
			isa = PBXFrameworksBuildPhase;
			buildActionMask = 2147483647;
			files = (
			);
			runOnlyForDeploymentPostprocessing = 0;
		};
		6E69EEF027D75D5600D9EA12 /* Frameworks */ = {
			isa = PBXFrameworksBuildPhase;
			buildActionMask = 2147483647;
			files = (
			);
			runOnlyForDeploymentPostprocessing = 0;
		};
		6E69EEFA27D75D5600D9EA12 /* Frameworks */ = {
			isa = PBXFrameworksBuildPhase;
			buildActionMask = 2147483647;
			files = (
			);
			runOnlyForDeploymentPostprocessing = 0;
		};
/* End PBXFrameworksBuildPhase section */

/* Begin PBXGroup section */
		6E69EEDA27D75D5400D9EA12 = {
			isa = PBXGroup;
			children = (
				6E69EEE527D75D5400D9EA12 /* TheLightApp */,
				6E69EEF627D75D5600D9EA12 /* TheLightAppTests */,
				6E69EF0027D75D5600D9EA12 /* TheLightAppUITests */,
				6E69EEE427D75D5400D9EA12 /* Products */,
			);
			sourceTree = "<group>";
		};
		6E69EEE427D75D5400D9EA12 /* Products */ = {
			isa = PBXGroup;
			children = (
				6E69EEE327D75D5400D9EA12 /* TheLightApp.app */,
				6E69EEF327D75D5600D9EA12 /* TheLightAppTests.xctest */,
				6E69EEFD27D75D5600D9EA12 /* TheLightAppUITests.xctest */,
			);
			name = Products;
			sourceTree = "<group>";
		};
		6E69EEE527D75D5400D9EA12 /* TheLightApp */ = {
			isa = PBXGroup;
			children = (
				6E69EEE627D75D5400D9EA12 /* TheLightAppApp.swift */,
				6E69EEE827D75D5400D9EA12 /* ContentView.swift */,
				6E69EEEA27D75D5600D9EA12 /* Assets.xcassets */,
				6E69EEEC27D75D5600D9EA12 /* Preview Content */,
			);
			path = TheLightApp;
			sourceTree = "<group>";
		};
		6E69EEEC27D75D5600D9EA12 /* Preview Content */ = {
			isa = PBXGroup;
			children = (
				6E69EEED27D75D5600D9EA12 /* Preview Assets.xcassets */,
			);
			path = "Preview Content";
			sourceTree = "<group>";
		};
		6E69EEF627D75D5600D9EA12 /* TheLightAppTests */ = {
			isa = PBXGroup;
			children = (
				6E69EEF727D75D5600D9EA12 /* TheLightAppTests.swift */,
			);
			path = TheLightAppTests;
			sourceTree = "<group>";
		};
		6E69EF0027D75D5600D9EA12 /* TheLightAppUITests */ = {
			isa = PBXGroup;
			children = (
				6E69EF0127D75D5600D9EA12 /* TheLightAppUITests.swift */,
				6E69EF0327D75D5600D9EA12 /* TheLightAppUITestsLaunchTests.swift */,
			);
			path = TheLightAppUITests;
			sourceTree = "<group>";
		};
/* End PBXGroup section */

/* Begin PBXNativeTarget section */
		6E69EEE227D75D5400D9EA12 /* TheLightApp */ = {
			isa = PBXNativeTarget;
			buildConfigurationList = 6E69EF0727D75D5600D9EA12 /* Build configuration list for PBXNativeTarget "TheLightApp" */;
			buildPhases = (
				6E69EEDF27D75D5400D9EA12 /* Sources */,
				6E69EEE027D75D5400D9EA12 /* Frameworks */,
				6E69EEE127D75D5400D9EA12 /* Resources */,
			);
			buildRules = (
			);
			dependencies = (
			);
			name = TheLightApp;
			productName = TheLightApp;
			productReference = 6E69EEE327D75D5400D9EA12 /* TheLightApp.app */;
			productType = "com.apple.product-type.application";
		};
		6E69EEF227D75D5600D9EA12 /* TheLightAppTests */ = {
			isa = PBXNativeTarget;
			buildConfigurationList = 6E69EF0A27D75D5600D9EA12 /* Build configuration list for PBXNativeTarget "TheLightAppTests" */;
			buildPhases = (
				6E69EEEF27D75D5600D9EA12 /* Sources */,
				6E69EEF027D75D5600D9EA12 /* Frameworks */,
				6E69EEF127D75D5600D9EA12 /* Resources */,
			);
			buildRules = (
			);
			dependencies = (
				6E69EEF527D75D5600D9EA12 /* PBXTargetDependency */,
			);
			name = TheLightAppTests;
			productName = TheLightAppTests;
			productReference = 6E69EEF327D75D5600D9EA12 /* TheLightAppTests.xctest */;
			productType = "com.apple.product-type.bundle.unit-test";
		};
		6E69EEFC27D75D5600D9EA12 /* TheLightAppUITests */ = {
			isa = PBXNativeTarget;
			buildConfigurationList = 6E69EF0D27D75D5600D9EA12 /* Build configuration list for PBXNativeTarget "TheLightAppUITests" */;
			buildPhases = (
				6E69EEF927D75D5600D9EA12 /* Sources */,
				6E69EEFA27D75D5600D9EA12 /* Frameworks */,
				6E69EEFB27D75D5600D9EA12 /* Resources */,
			);
			buildRules = (
			);
			dependencies = (
				6E69EEFF27D75D5600D9EA12 /* PBXTargetDependency */,
			);
			name = TheLightAppUITests;
			productName = TheLightAppUITests;
			productReference = 6E69EEFD27D75D5600D9EA12 /* TheLightAppUITests.xctest */;
			productType = "com.apple.product-type.bundle.ui-testing";
		};
/* End PBXNativeTarget section */

/* Begin PBXProject section */
		6E69EEDB27D75D5400D9EA12 /* Project object */ = {
			isa = PBXProject;
			attributes = {
				BuildIndependentTargetsInParallel = 1;
				LastSwiftUpdateCheck = 1320;
				LastUpgradeCheck = 1320;
				TargetAttributes = {
					6E69EEE227D75D5400D9EA12 = {
						CreatedOnToolsVersion = 13.2.1;
					};
					6E69EEF227D75D5600D9EA12 = {
						CreatedOnToolsVersion = 13.2.1;
						TestTargetID = 6E69EEE227D75D5400D9EA12;
					};
					6E69EEFC27D75D5600D9EA12 = {
						CreatedOnToolsVersion = 13.2.1;
						TestTargetID = 6E69EEE227D75D5400D9EA12;
					};
				};
			};
			buildConfigurationList = 6E69EEDE27D75D5400D9EA12 /* Build configuration list for PBXProject "TheLightApp" */;
			compatibilityVersion = "Xcode 13.0";
			developmentRegion = en;
			hasScannedForEncodings = 0;
			knownRegions = (
				en,
				Base,
			);
			mainGroup = 6E69EEDA27D75D5400D9EA12;
			productRefGroup = 6E69EEE427D75D5400D9EA12 /* Products */;
			projectDirPath = "";
			projectRoot = "";
			targets = (
				6E69EEE227D75D5400D9EA12 /* TheLightApp */,
				6E69EEF227D75D5600D9EA12 /* TheLightAppTests */,
				6E69EEFC27D75D5600D9EA12 /* TheLightAppUITests */,
			);
		};
/* End PBXProject section */

/* Begin PBXResourcesBuildPhase section */
		6E69EEE127D75D5400D9EA12 /* Resources */ = {
			isa = PBXResourcesBuildPhase;
			buildActionMask = 2147483647;
			files = (
				6E69EEEE27D75D5600D9EA12 /* Preview Assets.xcassets in Resources */,
				6E69EEEB27D75D5600D9EA12 /* Assets.xcassets in Resources */,
			);
			runOnlyForDeploymentPostprocessing = 0;
		};
		6E69EEF127D75D5600D9EA12 /* Resources */ = {
			isa = PBXResourcesBuildPhase;
			buildActionMask = 2147483647;
			files = (
			);
			runOnlyForDeploymentPostprocessing = 0;
		};
		6E69EEFB27D75D5600D9EA12 /* Resources */ = {
			isa = PBXResourcesBuildPhase;
			buildActionMask = 2147483647;
			files = (
			);
			runOnlyForDeploymentPostprocessing = 0;
		};
/* End PBXResourcesBuildPhase section */

/* Begin PBXSourcesBuildPhase section */
		6E69EEDF27D75D5400D9EA12 /* Sources */ = {
			isa = PBXSourcesBuildPhase;
			buildActionMask = 2147483647;
			files = (
				6E69EEE927D75D5400D9EA12 /* ContentView.swift in Sources */,
				6E69EEE727D75D5400D9EA12 /* TheLightAppApp.swift in Sources */,
			);
			runOnlyForDeploymentPostprocessing = 0;
		};
		6E69EEEF27D75D5600D9EA12 /* Sources */ = {
			isa = PBXSourcesBuildPhase;
			buildActionMask = 2147483647;
			files = (
				6E69EEF827D75D5600D9EA12 /* TheLightAppTests.swift in Sources */,
			);
			runOnlyForDeploymentPostprocessing = 0;
		};
		6E69EEF927D75D5600D9EA12 /* Sources */ = {
			isa = PBXSourcesBuildPhase;
			buildActionMask = 2147483647;
			files = (
				6E69EF0227D75D5600D9EA12 /* TheLightAppUITests.swift in Sources */,
				6E69EF0427D75D5600D9EA12 /* TheLightAppUITestsLaunchTests.swift in Sources */,
			);
			runOnlyForDeploymentPostprocessing = 0;
		};
/* End PBXSourcesBuildPhase section */

/* Begin PBXTargetDependency section */
		6E69EEF527D75D5600D9EA12 /* PBXTargetDependency */ = {
			isa = PBXTargetDependency;
			target = 6E69EEE227D75D5400D9EA12 /* TheLightApp */;
			targetProxy = 6E69EEF427D75D5600D9EA12 /* PBXContainerItemProxy */;
		};
		6E69EEFF27D75D5600D9EA12 /* PBXTargetDependency */ = {
			isa = PBXTargetDependency;
			target = 6E69EEE227D75D5400D9EA12 /* TheLightApp */;
			targetProxy = 6E69EEFE27D75D5600D9EA12 /* PBXContainerItemProxy */;
		};
/* End PBXTargetDependency section */

/* Begin XCBuildConfiguration section */
		6E69EF0527D75D5600D9EA12 /* Debug */ = {
			isa = XCBuildConfiguration;
			buildSettings = {
				ALWAYS_SEARCH_USER_PATHS = NO;
				CLANG_ANALYZER_NONNULL = YES;
				CLANG_ANALYZER_NUMBER_OBJECT_CONVERSION = YES_AGGRESSIVE;
				CLANG_CXX_LANGUAGE_STANDARD = "gnu++17";
				CLANG_CXX_LIBRARY = "libc++";
				CLANG_ENABLE_MODULES = YES;
				CLANG_ENABLE_OBJC_ARC = YES;
				CLANG_ENABLE_OBJC_WEAK = YES;
				CLANG_WARN_BLOCK_CAPTURE_AUTORELEASING = YES;
				CLANG_WARN_BOOL_CONVERSION = YES;
				CLANG_WARN_COMMA = YES;
				CLANG_WARN_CONSTANT_CONVERSION = YES;
				CLANG_WARN_DEPRECATED_OBJC_IMPLEMENTATIONS = YES;
				CLANG_WARN_DIRECT_OBJC_ISA_USAGE = YES_ERROR;
				CLANG_WARN_DOCUMENTATION_COMMENTS = YES;
				CLANG_WARN_EMPTY_BODY = YES;
				CLANG_WARN_ENUM_CONVERSION = YES;
				CLANG_WARN_INFINITE_RECURSION = YES;
				CLANG_WARN_INT_CONVERSION = YES;
				CLANG_WARN_NON_LITERAL_NULL_CONVERSION = YES;
				CLANG_WARN_OBJC_IMPLICIT_RETAIN_SELF = YES;
				CLANG_WARN_OBJC_LITERAL_CONVERSION = YES;
				CLANG_WARN_OBJC_ROOT_CLASS = YES_ERROR;
				CLANG_WARN_QUOTED_INCLUDE_IN_FRAMEWORK_HEADER = YES;
				CLANG_WARN_RANGE_LOOP_ANALYSIS = YES;
				CLANG_WARN_STRICT_PROTOTYPES = YES;
				CLANG_WARN_SUSPICIOUS_MOVE = YES;
				CLANG_WARN_UNGUARDED_AVAILABILITY = YES_AGGRESSIVE;
				CLANG_WARN_UNREACHABLE_CODE = YES;
				CLANG_WARN__DUPLICATE_METHOD_MATCH = YES;
				COPY_PHASE_STRIP = NO;
				DEBUG_INFORMATION_FORMAT = dwarf;
				ENABLE_STRICT_OBJC_MSGSEND = YES;
				ENABLE_TESTABILITY = YES;
				GCC_C_LANGUAGE_STANDARD = gnu11;
				GCC_DYNAMIC_NO_PIC = NO;
				GCC_NO_COMMON_BLOCKS = YES;
				GCC_OPTIMIZATION_LEVEL = 0;
				GCC_PREPROCESSOR_DEFINITIONS = (
					"DEBUG=1",
					"$(inherited)",
				);
				GCC_WARN_64_TO_32_BIT_CONVERSION = YES;
				GCC_WARN_ABOUT_RETURN_TYPE = YES_ERROR;
				GCC_WARN_UNDECLARED_SELECTOR = YES;
				GCC_WARN_UNINITIALIZED_AUTOS = YES_AGGRESSIVE;
				GCC_WARN_UNUSED_FUNCTION = YES;
				GCC_WARN_UNUSED_VARIABLE = YES;
				IPHONEOS_DEPLOYMENT_TARGET = 15.2;
				MTL_ENABLE_DEBUG_INFO = INCLUDE_SOURCE;
				MTL_FAST_MATH = YES;
				ONLY_ACTIVE_ARCH = YES;
				SDKROOT = iphoneos;
				SWIFT_ACTIVE_COMPILATION_CONDITIONS = DEBUG;
				SWIFT_OPTIMIZATION_LEVEL = "-Onone";
			};
			name = Debug;
		};
		6E69EF0627D75D5600D9EA12 /* Release */ = {
			isa = XCBuildConfiguration;
			buildSettings = {
				ALWAYS_SEARCH_USER_PATHS = NO;
				CLANG_ANALYZER_NONNULL = YES;
				CLANG_ANALYZER_NUMBER_OBJECT_CONVERSION = YES_AGGRESSIVE;
				CLANG_CXX_LANGUAGE_STANDARD = "gnu++17";
				CLANG_CXX_LIBRARY = "libc++";
				CLANG_ENABLE_MODULES = YES;
				CLANG_ENABLE_OBJC_ARC = YES;
				CLANG_ENABLE_OBJC_WEAK = YES;
				CLANG_WARN_BLOCK_CAPTURE_AUTORELEASING = YES;
				CLANG_WARN_BOOL_CONVERSION = YES;
				CLANG_WARN_COMMA = YES;
				CLANG_WARN_CONSTANT_CONVERSION = YES;
				CLANG_WARN_DEPRECATED_OBJC_IMPLEMENTATIONS = YES;
				CLANG_WARN_DIRECT_OBJC_ISA_USAGE = YES_ERROR;
				CLANG_WARN_DOCUMENTATION_COMMENTS = YES;
				CLANG_WARN_EMPTY_BODY = YES;
				CLANG_WARN_ENUM_CONVERSION = YES;
				CLANG_WARN_INFINITE_RECURSION = YES;
				CLANG_WARN_INT_CONVERSION = YES;
				CLANG_WARN_NON_LITERAL_NULL_CONVERSION = YES;
				CLANG_WARN_OBJC_IMPLICIT_RETAIN_SELF = YES;
				CLANG_WARN_OBJC_LITERAL_CONVERSION = YES;
				CLANG_WARN_OBJC_ROOT_CLASS = YES_ERROR;
				CLANG_WARN_QUOTED_INCLUDE_IN_FRAMEWORK_HEADER = YES;
				CLANG_WARN_RANGE_LOOP_ANALYSIS = YES;
				CLANG_WARN_STRICT_PROTOTYPES = YES;
				CLANG_WARN_SUSPICIOUS_MOVE = YES;
				CLANG_WARN_UNGUARDED_AVAILABILITY = YES_AGGRESSIVE;
				CLANG_WARN_UNREACHABLE_CODE = YES;
				CLANG_WARN__DUPLICATE_METHOD_MATCH = YES;
				COPY_PHASE_STRIP = NO;
				DEBUG_INFORMATION_FORMAT = "dwarf-with-dsym";
				ENABLE_NS_ASSERTIONS = NO;
				ENABLE_STRICT_OBJC_MSGSEND = YES;
				GCC_C_LANGUAGE_STANDARD = gnu11;
				GCC_NO_COMMON_BLOCKS = YES;
				GCC_WARN_64_TO_32_BIT_CONVERSION = YES;
				GCC_WARN_ABOUT_RETURN_TYPE = YES_ERROR;
				GCC_WARN_UNDECLARED_SELECTOR = YES;
				GCC_WARN_UNINITIALIZED_AUTOS = YES_AGGRESSIVE;
				GCC_WARN_UNUSED_FUNCTION = YES;
				GCC_WARN_UNUSED_VARIABLE = YES;
				IPHONEOS_DEPLOYMENT_TARGET = 15.2;
				MTL_ENABLE_DEBUG_INFO = NO;
				MTL_FAST_MATH = YES;
				SDKROOT = iphoneos;
				SWIFT_COMPILATION_MODE = wholemodule;
				SWIFT_OPTIMIZATION_LEVEL = "-O";
				VALIDATE_PRODUCT = YES;
			};
			name = Release;
		};
		6E69EF0827D75D5600D9EA12 /* Debug */ = {
			isa = XCBuildConfiguration;
			buildSettings = {
				ASSETCATALOG_COMPILER_APPICON_NAME = AppIcon;
				ASSETCATALOG_COMPILER_GLOBAL_ACCENT_COLOR_NAME = AccentColor;
				CODE_SIGN_STYLE = Automatic;
				CURRENT_PROJECT_VERSION = 1;
				DEVELOPMENT_ASSET_PATHS = "\"TheLightApp/Preview Content\"";
				DEVELOPMENT_TEAM = 9P5MGPPGZ2;
				ENABLE_PREVIEWS = YES;
				GENERATE_INFOPLIST_FILE = YES;
				INFOPLIST_KEY_UIApplicationSceneManifest_Generation = YES;
				INFOPLIST_KEY_UIApplicationSupportsIndirectInputEvents = YES;
				INFOPLIST_KEY_UILaunchScreen_Generation = YES;
				INFOPLIST_KEY_UISupportedInterfaceOrientations_iPad = "UIInterfaceOrientationPortrait UIInterfaceOrientationPortraitUpsideDown UIInterfaceOrientationLandscapeLeft UIInterfaceOrientationLandscapeRight";
				INFOPLIST_KEY_UISupportedInterfaceOrientations_iPhone = "UIInterfaceOrientationPortrait UIInterfaceOrientationLandscapeLeft UIInterfaceOrientationLandscapeRight";
				LD_RUNPATH_SEARCH_PATHS = (
					"$(inherited)",
					"@executable_path/Frameworks",
				);
				MARKETING_VERSION = 1.0;
				PRODUCT_BUNDLE_IDENTIFIER = com.sarika.TheLightApp;
				PRODUCT_NAME = "$(TARGET_NAME)";
				SWIFT_EMIT_LOC_STRINGS = YES;
				SWIFT_VERSION = 5.0;
				TARGETED_DEVICE_FAMILY = "1,2";
			};
			name = Debug;
		};
		6E69EF0927D75D5600D9EA12 /* Release */ = {
			isa = XCBuildConfiguration;
			buildSettings = {
				ASSETCATALOG_COMPILER_APPICON_NAME = AppIcon;
				ASSETCATALOG_COMPILER_GLOBAL_ACCENT_COLOR_NAME = AccentColor;
				CODE_SIGN_STYLE = Automatic;
				CURRENT_PROJECT_VERSION = 1;
				DEVELOPMENT_ASSET_PATHS = "\"TheLightApp/Preview Content\"";
				DEVELOPMENT_TEAM = 9P5MGPPGZ2;
				ENABLE_PREVIEWS = YES;
				GENERATE_INFOPLIST_FILE = YES;
				INFOPLIST_KEY_UIApplicationSceneManifest_Generation = YES;
				INFOPLIST_KEY_UIApplicationSupportsIndirectInputEvents = YES;
				INFOPLIST_KEY_UILaunchScreen_Generation = YES;
				INFOPLIST_KEY_UISupportedInterfaceOrientations_iPad = "UIInterfaceOrientationPortrait UIInterfaceOrientationPortraitUpsideDown UIInterfaceOrientationLandscapeLeft UIInterfaceOrientationLandscapeRight";
				INFOPLIST_KEY_UISupportedInterfaceOrientations_iPhone = "UIInterfaceOrientationPortrait UIInterfaceOrientationLandscapeLeft UIInterfaceOrientationLandscapeRight";
				LD_RUNPATH_SEARCH_PATHS = (
					"$(inherited)",
					"@executable_path/Frameworks",
				);
				MARKETING_VERSION = 1.0;
				PRODUCT_BUNDLE_IDENTIFIER = com.sarika.TheLightApp;
				PRODUCT_NAME = "$(TARGET_NAME)";
				SWIFT_EMIT_LOC_STRINGS = YES;
				SWIFT_VERSION = 5.0;
				TARGETED_DEVICE_FAMILY = "1,2";
			};
			name = Release;
		};
		6E69EF0B27D75D5600D9EA12 /* Debug */ = {
			isa = XCBuildConfiguration;
			buildSettings = {
				ALWAYS_EMBED_SWIFT_STANDARD_LIBRARIES = YES;
				BUNDLE_LOADER = "$(TEST_HOST)";
				CODE_SIGN_STYLE = Automatic;
				CURRENT_PROJECT_VERSION = 1;
				DEVELOPMENT_TEAM = 9P5MGPPGZ2;
				GENERATE_INFOPLIST_FILE = YES;
				IPHONEOS_DEPLOYMENT_TARGET = 15.2;
				MARKETING_VERSION = 1.0;
				PRODUCT_BUNDLE_IDENTIFIER = com.sarika.TheLightAppTests;
				PRODUCT_NAME = "$(TARGET_NAME)";
				SWIFT_EMIT_LOC_STRINGS = NO;
				SWIFT_VERSION = 5.0;
				TARGETED_DEVICE_FAMILY = "1,2";
				TEST_HOST = "$(BUILT_PRODUCTS_DIR)/TheLightApp.app/TheLightApp";
			};
			name = Debug;
		};
		6E69EF0C27D75D5600D9EA12 /* Release */ = {
			isa = XCBuildConfiguration;
			buildSettings = {
				ALWAYS_EMBED_SWIFT_STANDARD_LIBRARIES = YES;
				BUNDLE_LOADER = "$(TEST_HOST)";
				CODE_SIGN_STYLE = Automatic;
				CURRENT_PROJECT_VERSION = 1;
				DEVELOPMENT_TEAM = 9P5MGPPGZ2;
				GENERATE_INFOPLIST_FILE = YES;
				IPHONEOS_DEPLOYMENT_TARGET = 15.2;
				MARKETING_VERSION = 1.0;
				PRODUCT_BUNDLE_IDENTIFIER = com.sarika.TheLightAppTests;
				PRODUCT_NAME = "$(TARGET_NAME)";
				SWIFT_EMIT_LOC_STRINGS = NO;
				SWIFT_VERSION = 5.0;
				TARGETED_DEVICE_FAMILY = "1,2";
				TEST_HOST = "$(BUILT_PRODUCTS_DIR)/TheLightApp.app/TheLightApp";
			};
			name = Release;
		};
		6E69EF0E27D75D5600D9EA12 /* Debug */ = {
			isa = XCBuildConfiguration;
			buildSettings = {
				ALWAYS_EMBED_SWIFT_STANDARD_LIBRARIES = YES;
				CODE_SIGN_STYLE = Automatic;
				CURRENT_PROJECT_VERSION = 1;
				DEVELOPMENT_TEAM = 9P5MGPPGZ2;
				GENERATE_INFOPLIST_FILE = YES;
				MARKETING_VERSION = 1.0;
				PRODUCT_BUNDLE_IDENTIFIER = com.sarika.TheLightAppUITests;
				PRODUCT_NAME = "$(TARGET_NAME)";
				SWIFT_EMIT_LOC_STRINGS = NO;
				SWIFT_VERSION = 5.0;
				TARGETED_DEVICE_FAMILY = "1,2";
				TEST_TARGET_NAME = TheLightApp;
			};
			name = Debug;
		};
		6E69EF0F27D75D5600D9EA12 /* Release */ = {
			isa = XCBuildConfiguration;
			buildSettings = {
				ALWAYS_EMBED_SWIFT_STANDARD_LIBRARIES = YES;
				CODE_SIGN_STYLE = Automatic;
				CURRENT_PROJECT_VERSION = 1;
				DEVELOPMENT_TEAM = 9P5MGPPGZ2;
				GENERATE_INFOPLIST_FILE = YES;
				MARKETING_VERSION = 1.0;
				PRODUCT_BUNDLE_IDENTIFIER = com.sarika.TheLightAppUITests;
				PRODUCT_NAME = "$(TARGET_NAME)";
				SWIFT_EMIT_LOC_STRINGS = NO;
				SWIFT_VERSION = 5.0;
				TARGETED_DEVICE_FAMILY = "1,2";
				TEST_TARGET_NAME = TheLightApp;
			};
			name = Release;
		};
/* End XCBuildConfiguration section */

/* Begin XCConfigurationList section */
		6E69EEDE27D75D5400D9EA12 /* Build configuration list for PBXProject "TheLightApp" */ = {
			isa = XCConfigurationList;
			buildConfigurations = (
				6E69EF0527D75D5600D9EA12 /* Debug */,
				6E69EF0627D75D5600D9EA12 /* Release */,
			);
			defaultConfigurationIsVisible = 0;
			defaultConfigurationName = Release;
		};
		6E69EF0727D75D5600D9EA12 /* Build configuration list for PBXNativeTarget "TheLightApp" */ = {
			isa = XCConfigurationList;
			buildConfigurations = (
				6E69EF0827D75D5600D9EA12 /* Debug */,
				6E69EF0927D75D5600D9EA12 /* Release */,
			);
			defaultConfigurationIsVisible = 0;
			defaultConfigurationName = Release;
		};
		6E69EF0A27D75D5600D9EA12 /* Build configuration list for PBXNativeTarget "TheLightAppTests" */ = {
			isa = XCConfigurationList;
			buildConfigurations = (
				6E69EF0B27D75D5600D9EA12 /* Debug */,
				6E69EF0C27D75D5600D9EA12 /* Release */,
			);
			defaultConfigurationIsVisible = 0;
			defaultConfigurationName = Release;
		};
		6E69EF0D27D75D5600D9EA12 /* Build configuration list for PBXNativeTarget "TheLightAppUITests" */ = {
			isa = XCConfigurationList;
			buildConfigurations = (
				6E69EF0E27D75D5600D9EA12 /* Debug */,
				6E69EF0F27D75D5600D9EA12 /* Release */,
			);
			defaultConfigurationIsVisible = 0;
			defaultConfigurationName = Release;
		};
/* End XCConfigurationList section */
	};
	rootObject = 6E69EEDB27D75D5400D9EA12 /* Project object */;
}
